// !$*UTF8*$!
{
	archiveVersion = 1;
	classes = {
	};
	objectVersion = 46;
	objects = {

/* Begin PBXBuildFile section */
		9F0802051F05AB24007B8C0B /* Bullet.sks in Resources */ = {isa = PBXBuildFile; fileRef = 9F0802041F05AB24007B8C0B /* Bullet.sks */; };
		9F16BA711F0D988300A3616F /* BigExplosion.wav in Resources */ = {isa = PBXBuildFile; fileRef = 9F16BA701F0D988300A3616F /* BigExplosion.wav */; };
		9F16BA731F0D98CC00A3616F /* SKTAudio.swift in Sources */ = {isa = PBXBuildFile; fileRef = 9F16BA721F0D98CC00A3616F /* SKTAudio.swift */; };
		9F3E1FBC1EFC968000C9EAC8 /* Player.sks in Resources */ = {isa = PBXBuildFile; fileRef = 9F3E1FBB1EFC968000C9EAC8 /* Player.sks */; };
		9F529EEB1F0DA0C100CCBB6B /* aacannon.wav in Resources */ = {isa = PBXBuildFile; fileRef = 9F529EEA1F0DA0C100CCBB6B /* aacannon.wav */; };
		9F529EED1F0DA70B00CCBB6B /* HUD.swift in Sources */ = {isa = PBXBuildFile; fileRef = 9F529EEC1F0DA70B00CCBB6B /* HUD.swift */; };
		9F529EEF1F0DB66100CCBB6B /* MissileExplosion.wav in Resources */ = {isa = PBXBuildFile; fileRef = 9F529EEE1F0DB66100CCBB6B /* MissileExplosion.wav */; };
		9FABEB9D1F105F0D008E505C /* DestroyedBuilding.sks in Resources */ = {isa = PBXBuildFile; fileRef = 9FABEB9C1F105F0D008E505C /* DestroyedBuilding.sks */; };
		9FAE08931EFB26BA00490D06 /* AppDelegate.swift in Sources */ = {isa = PBXBuildFile; fileRef = 9FAE08921EFB26BA00490D06 /* AppDelegate.swift */; };
		9FAE08951EFB26BA00490D06 /* GameScene.sks in Resources */ = {isa = PBXBuildFile; fileRef = 9FAE08941EFB26BA00490D06 /* GameScene.sks */; };
		9FAE08971EFB26BB00490D06 /* Actions.sks in Resources */ = {isa = PBXBuildFile; fileRef = 9FAE08961EFB26BB00490D06 /* Actions.sks */; };
		9FAE08991EFB26BB00490D06 /* GameScene.swift in Sources */ = {isa = PBXBuildFile; fileRef = 9FAE08981EFB26BB00490D06 /* GameScene.swift */; };
		9FAE089B1EFB26BB00490D06 /* GameViewController.swift in Sources */ = {isa = PBXBuildFile; fileRef = 9FAE089A1EFB26BB00490D06 /* GameViewController.swift */; };
		9FAE089E1EFB26BB00490D06 /* Main.storyboard in Resources */ = {isa = PBXBuildFile; fileRef = 9FAE089C1EFB26BB00490D06 /* Main.storyboard */; };
		9FAE08A01EFB26BB00490D06 /* Assets.xcassets in Resources */ = {isa = PBXBuildFile; fileRef = 9FAE089F1EFB26BB00490D06 /* Assets.xcassets */; };
		9FAE08A31EFB26BB00490D06 /* LaunchScreen.storyboard in Resources */ = {isa = PBXBuildFile; fileRef = 9FAE08A11EFB26BB00490D06 /* LaunchScreen.storyboard */; };
		9FAE08AC1EFB292300490D06 /* PlayerNode.swift in Sources */ = {isa = PBXBuildFile; fileRef = 9FAE08AB1EFB292300490D06 /* PlayerNode.swift */; };
		9FAE08AE1EFB2A1700490D06 /* Missile.swift in Sources */ = {isa = PBXBuildFile; fileRef = 9FAE08AD1EFB2A1700490D06 /* Missile.swift */; };
		9FAE08B01EFB2A1F00490D06 /* Building.swift in Sources */ = {isa = PBXBuildFile; fileRef = 9FAE08AF1EFB2A1F00490D06 /* Building.swift */; };
		9FAE08B41EFB3C6500490D06 /* CGPoint+Extensions.swift in Sources */ = {isa = PBXBuildFile; fileRef = 9FAE08B31EFB3C6500490D06 /* CGPoint+Extensions.swift */; };
		9FAE08B71EFB3CAA00490D06 /* CGVector+Extensions.swift in Sources */ = {isa = PBXBuildFile; fileRef = 9FAE08B61EFB3CAA00490D06 /* CGVector+Extensions.swift */; };
		9FBC8B2E1F07081700F059F4 /* SKAction+Extensions.swift in Sources */ = {isa = PBXBuildFile; fileRef = 9FBC8B2D1F07081700F059F4 /* SKAction+Extensions.swift */; };
		9FBC8B301F070A3E00F059F4 /* Missile.sks in Resources */ = {isa = PBXBuildFile; fileRef = 9FBC8B2F1F070A3E00F059F4 /* Missile.sks */; };
		9FBC8B321F0713C600F059F4 /* CGFloat+Extensions.swift in Sources */ = {isa = PBXBuildFile; fileRef = 9FBC8B311F0713C600F059F4 /* CGFloat+Extensions.swift */; };
		9FBC8B361F072CAA00F059F4 /* Effects.swift in Sources */ = {isa = PBXBuildFile; fileRef = 9FBC8B351F072CA900F059F4 /* Effects.swift */; };
		9FBC8B381F072E6600F059F4 /* Building.sks in Resources */ = {isa = PBXBuildFile; fileRef = 9FBC8B371F072E6600F059F4 /* Building.sks */; };
/* End PBXBuildFile section */

/* Begin PBXFileReference section */
		9F0802041F05AB24007B8C0B /* Bullet.sks */ = {isa = PBXFileReference; lastKnownFileType = file.sks; path = Bullet.sks; sourceTree = "<group>"; };
		9F16BA701F0D988300A3616F /* BigExplosion.wav */ = {isa = PBXFileReference; lastKnownFileType = audio.wav; path = BigExplosion.wav; sourceTree = "<group>"; };
		9F16BA721F0D98CC00A3616F /* SKTAudio.swift */ = {isa = PBXFileReference; fileEncoding = 4; lastKnownFileType = sourcecode.swift; path = SKTAudio.swift; sourceTree = "<group>"; };
		9F3E1FBB1EFC968000C9EAC8 /* Player.sks */ = {isa = PBXFileReference; lastKnownFileType = file.sks; path = Player.sks; sourceTree = "<group>"; };
		9F529EEA1F0DA0C100CCBB6B /* aacannon.wav */ = {isa = PBXFileReference; lastKnownFileType = audio.wav; path = aacannon.wav; sourceTree = "<group>"; };
		9F529EEC1F0DA70B00CCBB6B /* HUD.swift */ = {isa = PBXFileReference; fileEncoding = 4; lastKnownFileType = sourcecode.swift; path = HUD.swift; sourceTree = "<group>"; };
		9F529EEE1F0DB66100CCBB6B /* MissileExplosion.wav */ = {isa = PBXFileReference; lastKnownFileType = audio.wav; path = MissileExplosion.wav; sourceTree = "<group>"; };
		9FABEB9C1F105F0D008E505C /* DestroyedBuilding.sks */ = {isa = PBXFileReference; lastKnownFileType = file.sks; path = DestroyedBuilding.sks; sourceTree = "<group>"; };
		9FAE088F1EFB26BA00490D06 /* MissileDefence.app */ = {isa = PBXFileReference; explicitFileType = wrapper.application; includeInIndex = 0; path = MissileDefence.app; sourceTree = BUILT_PRODUCTS_DIR; };
		9FAE08921EFB26BA00490D06 /* AppDelegate.swift */ = {isa = PBXFileReference; lastKnownFileType = sourcecode.swift; path = AppDelegate.swift; sourceTree = "<group>"; };
		9FAE08941EFB26BA00490D06 /* GameScene.sks */ = {isa = PBXFileReference; lastKnownFileType = file.sks; path = GameScene.sks; sourceTree = "<group>"; };
		9FAE08961EFB26BB00490D06 /* Actions.sks */ = {isa = PBXFileReference; lastKnownFileType = file.sks; path = Actions.sks; sourceTree = "<group>"; };
		9FAE08981EFB26BB00490D06 /* GameScene.swift */ = {isa = PBXFileReference; lastKnownFileType = sourcecode.swift; path = GameScene.swift; sourceTree = "<group>"; };
		9FAE089A1EFB26BB00490D06 /* GameViewController.swift */ = {isa = PBXFileReference; lastKnownFileType = sourcecode.swift; path = GameViewController.swift; sourceTree = "<group>"; };
		9FAE089D1EFB26BB00490D06 /* Base */ = {isa = PBXFileReference; lastKnownFileType = file.storyboard; name = Base; path = Base.lproj/Main.storyboard; sourceTree = "<group>"; };
		9FAE089F1EFB26BB00490D06 /* Assets.xcassets */ = {isa = PBXFileReference; lastKnownFileType = folder.assetcatalog; path = Assets.xcassets; sourceTree = "<group>"; };
		9FAE08A21EFB26BB00490D06 /* Base */ = {isa = PBXFileReference; lastKnownFileType = file.storyboard; name = Base; path = Base.lproj/LaunchScreen.storyboard; sourceTree = "<group>"; };
		9FAE08A41EFB26BB00490D06 /* Info.plist */ = {isa = PBXFileReference; lastKnownFileType = text.plist.xml; path = Info.plist; sourceTree = "<group>"; };
		9FAE08AB1EFB292300490D06 /* PlayerNode.swift */ = {isa = PBXFileReference; fileEncoding = 4; lastKnownFileType = sourcecode.swift; path = PlayerNode.swift; sourceTree = "<group>"; };
		9FAE08AD1EFB2A1700490D06 /* Missile.swift */ = {isa = PBXFileReference; fileEncoding = 4; lastKnownFileType = sourcecode.swift; path = Missile.swift; sourceTree = "<group>"; };
		9FAE08AF1EFB2A1F00490D06 /* Building.swift */ = {isa = PBXFileReference; fileEncoding = 4; lastKnownFileType = sourcecode.swift; path = Building.swift; sourceTree = "<group>"; };
		9FAE08B31EFB3C6500490D06 /* CGPoint+Extensions.swift */ = {isa = PBXFileReference; fileEncoding = 4; lastKnownFileType = sourcecode.swift; path = "CGPoint+Extensions.swift"; sourceTree = "<group>"; };
		9FAE08B61EFB3CAA00490D06 /* CGVector+Extensions.swift */ = {isa = PBXFileReference; fileEncoding = 4; lastKnownFileType = sourcecode.swift; path = "CGVector+Extensions.swift"; sourceTree = "<group>"; };
		9FBC8B2D1F07081700F059F4 /* SKAction+Extensions.swift */ = {isa = PBXFileReference; fileEncoding = 4; lastKnownFileType = sourcecode.swift; path = "SKAction+Extensions.swift"; sourceTree = "<group>"; };
		9FBC8B2F1F070A3E00F059F4 /* Missile.sks */ = {isa = PBXFileReference; lastKnownFileType = file.sks; path = Missile.sks; sourceTree = "<group>"; };
		9FBC8B311F0713C600F059F4 /* CGFloat+Extensions.swift */ = {isa = PBXFileReference; fileEncoding = 4; lastKnownFileType = sourcecode.swift; path = "CGFloat+Extensions.swift"; sourceTree = "<group>"; };
		9FBC8B351F072CA900F059F4 /* Effects.swift */ = {isa = PBXFileReference; fileEncoding = 4; lastKnownFileType = sourcecode.swift; path = Effects.swift; sourceTree = "<group>"; };
		9FBC8B371F072E6600F059F4 /* Building.sks */ = {isa = PBXFileReference; lastKnownFileType = file.sks; path = Building.sks; sourceTree = "<group>"; };
/* End PBXFileReference section */

/* Begin PBXFrameworksBuildPhase section */
		9FAE088C1EFB26BA00490D06 /* Frameworks */ = {
			isa = PBXFrameworksBuildPhase;
			buildActionMask = 2147483647;
			files = (
			);
			runOnlyForDeploymentPostprocessing = 0;
		};
/* End PBXFrameworksBuildPhase section */

/* Begin PBXGroup section */
		9F0802061F05B18B007B8C0B /* Scene Files */ = {
			isa = PBXGroup;
			children = (
				9FAE08941EFB26BA00490D06 /* GameScene.sks */,
				9F0802041F05AB24007B8C0B /* Bullet.sks */,
				9F3E1FBB1EFC968000C9EAC8 /* Player.sks */,
				9FBC8B2F1F070A3E00F059F4 /* Missile.sks */,
				9FBC8B371F072E6600F059F4 /* Building.sks */,
				9FABEB9C1F105F0D008E505C /* DestroyedBuilding.sks */,
			);
			name = "Scene Files";
			sourceTree = "<group>";
		};
		9F16BA6F1F0D986800A3616F /* Sounds */ = {
			isa = PBXGroup;
			children = (
				9F529EEA1F0DA0C100CCBB6B /* aacannon.wav */,
				9F16BA701F0D988300A3616F /* BigExplosion.wav */,
				9F529EEE1F0DB66100CCBB6B /* MissileExplosion.wav */,
			);
			name = Sounds;
			sourceTree = "<group>";
		};
		9FAE08861EFB26BA00490D06 = {
			isa = PBXGroup;
			children = (
				9FAE08911EFB26BA00490D06 /* MissileDefence */,
				9FAE08901EFB26BA00490D06 /* Products */,
			);
			sourceTree = "<group>";
		};
		9FAE08901EFB26BA00490D06 /* Products */ = {
			isa = PBXGroup;
			children = (
				9FAE088F1EFB26BA00490D06 /* MissileDefence.app */,
			);
			name = Products;
			sourceTree = "<group>";
		};
		9FAE08911EFB26BA00490D06 /* MissileDefence */ = {
			isa = PBXGroup;
			children = (
				9FBC8B351F072CA900F059F4 /* Effects.swift */,
				9F529EEC1F0DA70B00CCBB6B /* HUD.swift */,
				9FAE08981EFB26BB00490D06 /* GameScene.swift */,
				9FAE089A1EFB26BB00490D06 /* GameViewController.swift */,
				9FAE08AA1EFB290600490D06 /* GameObjects */,
				9F0802061F05B18B007B8C0B /* Scene Files */,
				9FAE08B51EFB3C8900490D06 /* SKTUtils */,
				9F16BA6F1F0D986800A3616F /* Sounds */,
				9FAE089C1EFB26BB00490D06 /* Main.storyboard */,
				9FAE08961EFB26BB00490D06 /* Actions.sks */,
				9FAE08921EFB26BA00490D06 /* AppDelegate.swift */,
				9FAE089F1EFB26BB00490D06 /* Assets.xcassets */,
				9FAE08A11EFB26BB00490D06 /* LaunchScreen.storyboard */,
				9FAE08A41EFB26BB00490D06 /* Info.plist */,
			);
			path = MissileDefence;
			sourceTree = "<group>";
		};
		9FAE08AA1EFB290600490D06 /* GameObjects */ = {
			isa = PBXGroup;
			children = (
				9FAE08AF1EFB2A1F00490D06 /* Building.swift */,
				9FAE08AD1EFB2A1700490D06 /* Missile.swift */,
				9FAE08AB1EFB292300490D06 /* PlayerNode.swift */,
			);
			name = GameObjects;
			sourceTree = "<group>";
		};
		9FAE08B51EFB3C8900490D06 /* SKTUtils */ = {
			isa = PBXGroup;
			children = (
				9FBC8B311F0713C600F059F4 /* CGFloat+Extensions.swift */,
				9FAE08B31EFB3C6500490D06 /* CGPoint+Extensions.swift */,
				9FAE08B61EFB3CAA00490D06 /* CGVector+Extensions.swift */,
				9FBC8B2D1F07081700F059F4 /* SKAction+Extensions.swift */,
				9F16BA721F0D98CC00A3616F /* SKTAudio.swift */,
			);
			name = SKTUtils;
			sourceTree = "<group>";
		};
/* End PBXGroup section */

/* Begin PBXNativeTarget section */
		9FAE088E1EFB26BA00490D06 /* MissileDefence */ = {
			isa = PBXNativeTarget;
			buildConfigurationList = 9FAE08A71EFB26BB00490D06 /* Build configuration list for PBXNativeTarget "MissileDefence" */;
			buildPhases = (
				9FAE088B1EFB26BA00490D06 /* Sources */,
				9FAE088C1EFB26BA00490D06 /* Frameworks */,
				9FAE088D1EFB26BA00490D06 /* Resources */,
			);
			buildRules = (
			);
			dependencies = (
			);
			name = MissileDefence;
			productName = MissileDefence;
			productReference = 9FAE088F1EFB26BA00490D06 /* MissileDefence.app */;
			productType = "com.apple.product-type.application";
		};
/* End PBXNativeTarget section */

/* Begin PBXProject section */
		9FAE08871EFB26BA00490D06 /* Project object */ = {
			isa = PBXProject;
			attributes = {
				LastSwiftUpdateCheck = 0830;
				LastUpgradeCheck = 0830;
				ORGANIZATIONNAME = zzz;
				TargetAttributes = {
					9FAE088E1EFB26BA00490D06 = {
						CreatedOnToolsVersion = 8.3.3;
						DevelopmentTeam = WV9R432855;
						ProvisioningStyle = Automatic;
					};
				};
			};
			buildConfigurationList = 9FAE088A1EFB26BA00490D06 /* Build configuration list for PBXProject "MissileDefence" */;
			compatibilityVersion = "Xcode 3.2";
			developmentRegion = English;
			hasScannedForEncodings = 0;
			knownRegions = (
				en,
				Base,
			);
			mainGroup = 9FAE08861EFB26BA00490D06;
			productRefGroup = 9FAE08901EFB26BA00490D06 /* Products */;
			projectDirPath = "";
			projectRoot = "";
			targets = (
				9FAE088E1EFB26BA00490D06 /* MissileDefence */,
			);
		};
/* End PBXProject section */

/* Begin PBXResourcesBuildPhase section */
		9FAE088D1EFB26BA00490D06 /* Resources */ = {
			isa = PBXResourcesBuildPhase;
			buildActionMask = 2147483647;
			files = (
				9FAE089E1EFB26BB00490D06 /* Main.storyboard in Resources */,
				9F0802051F05AB24007B8C0B /* Bullet.sks in Resources */,
				9FBC8B301F070A3E00F059F4 /* Missile.sks in Resources */,
				9F529EEF1F0DB66100CCBB6B /* MissileExplosion.wav in Resources */,
				9FAE08951EFB26BA00490D06 /* GameScene.sks in Resources */,
				9F3E1FBC1EFC968000C9EAC8 /* Player.sks in Resources */,
				9FAE08A01EFB26BB00490D06 /* Assets.xcassets in Resources */,
				9FABEB9D1F105F0D008E505C /* DestroyedBuilding.sks in Resources */,
				9F529EEB1F0DA0C100CCBB6B /* aacannon.wav in Resources */,
				9FBC8B381F072E6600F059F4 /* Building.sks in Resources */,
				9F16BA711F0D988300A3616F /* BigExplosion.wav in Resources */,
				9FAE08A31EFB26BB00490D06 /* LaunchScreen.storyboard in Resources */,
				9FAE08971EFB26BB00490D06 /* Actions.sks in Resources */,
			);
			runOnlyForDeploymentPostprocessing = 0;
		};
/* End PBXResourcesBuildPhase section */

/* Begin PBXSourcesBuildPhase section */
		9FAE088B1EFB26BA00490D06 /* Sources */ = {
			isa = PBXSourcesBuildPhase;
			buildActionMask = 2147483647;
			files = (
				9FBC8B321F0713C600F059F4 /* CGFloat+Extensions.swift in Sources */,
				9FAE08AC1EFB292300490D06 /* PlayerNode.swift in Sources */,
				9FBC8B2E1F07081700F059F4 /* SKAction+Extensions.swift in Sources */,
				9FAE08B01EFB2A1F00490D06 /* Building.swift in Sources */,
				9F16BA731F0D98CC00A3616F /* SKTAudio.swift in Sources */,
				9FAE08B71EFB3CAA00490D06 /* CGVector+Extensions.swift in Sources */,
				9FAE08B41EFB3C6500490D06 /* CGPoint+Extensions.swift in Sources */,
				9FBC8B361F072CAA00F059F4 /* Effects.swift in Sources */,
				9FAE08991EFB26BB00490D06 /* GameScene.swift in Sources */,
				9FAE089B1EFB26BB00490D06 /* GameViewController.swift in Sources */,
				9FAE08931EFB26BA00490D06 /* AppDelegate.swift in Sources */,
				9F529EED1F0DA70B00CCBB6B /* HUD.swift in Sources */,
				9FAE08AE1EFB2A1700490D06 /* Missile.swift in Sources */,
			);
			runOnlyForDeploymentPostprocessing = 0;
		};
/* End PBXSourcesBuildPhase section */

/* Begin PBXVariantGroup section */
		9FAE089C1EFB26BB00490D06 /* Main.storyboard */ = {
			isa = PBXVariantGroup;
			children = (
				9FAE089D1EFB26BB00490D06 /* Base */,
			);
			name = Main.storyboard;
			sourceTree = "<group>";
		};
		9FAE08A11EFB26BB00490D06 /* LaunchScreen.storyboard */ = {
			isa = PBXVariantGroup;
			children = (
				9FAE08A21EFB26BB00490D06 /* Base */,
			);
			name = LaunchScreen.storyboard;
			sourceTree = "<group>";
		};
/* End PBXVariantGroup section */

/* Begin XCBuildConfiguration section */
		9FAE08A51EFB26BB00490D06 /* Debug */ = {
			isa = XCBuildConfiguration;
			buildSettings = {
				ALWAYS_SEARCH_USER_PATHS = NO;
				CLANG_ANALYZER_NONNULL = YES;
				CLANG_ANALYZER_NUMBER_OBJECT_CONVERSION = YES_AGGRESSIVE;
				CLANG_CXX_LANGUAGE_STANDARD = "gnu++0x";
				CLANG_CXX_LIBRARY = "libc++";
				CLANG_ENABLE_MODULES = YES;
				CLANG_ENABLE_OBJC_ARC = YES;
				CLANG_WARN_BOOL_CONVERSION = YES;
				CLANG_WARN_CONSTANT_CONVERSION = YES;
				CLANG_WARN_DIRECT_OBJC_ISA_USAGE = YES_ERROR;
				CLANG_WARN_DOCUMENTATION_COMMENTS = YES;
				CLANG_WARN_EMPTY_BODY = YES;
				CLANG_WARN_ENUM_CONVERSION = YES;
				CLANG_WARN_INFINITE_RECURSION = YES;
				CLANG_WARN_INT_CONVERSION = YES;
				CLANG_WARN_OBJC_ROOT_CLASS = YES_ERROR;
				CLANG_WARN_SUSPICIOUS_MOVE = YES;
				CLANG_WARN_UNREACHABLE_CODE = YES;
				CLANG_WARN__DUPLICATE_METHOD_MATCH = YES;
				"CODE_SIGN_IDENTITY[sdk=iphoneos*]" = "iPhone Developer";
				COPY_PHASE_STRIP = NO;
				DEBUG_INFORMATION_FORMAT = dwarf;
				ENABLE_STRICT_OBJC_MSGSEND = YES;
				ENABLE_TESTABILITY = YES;
				GCC_C_LANGUAGE_STANDARD = gnu99;
				GCC_DYNAMIC_NO_PIC = NO;
				GCC_NO_COMMON_BLOCKS = YES;
				GCC_OPTIMIZATION_LEVEL = 0;
				GCC_PREPROCESSOR_DEFINITIONS = (
					"DEBUG=1",
					"$(inherited)",
				);
				GCC_WARN_64_TO_32_BIT_CONVERSION = YES;
				GCC_WARN_ABOUT_RETURN_TYPE = YES_ERROR;
				GCC_WARN_UNDECLARED_SELECTOR = YES;
				GCC_WARN_UNINITIALIZED_AUTOS = YES_AGGRESSIVE;
				GCC_WARN_UNUSED_FUNCTION = YES;
				GCC_WARN_UNUSED_VARIABLE = YES;
				IPHONEOS_DEPLOYMENT_TARGET = 10.3;
				MTL_ENABLE_DEBUG_INFO = YES;
				ONLY_ACTIVE_ARCH = YES;
				SDKROOT = iphoneos;
				SWIFT_ACTIVE_COMPILATION_CONDITIONS = DEBUG;
				SWIFT_OPTIMIZATION_LEVEL = "-Onone";
				TARGETED_DEVICE_FAMILY = "1,2";
			};
			name = Debug;
		};
		9FAE08A61EFB26BB00490D06 /* Release */ = {
			isa = XCBuildConfiguration;
			buildSettings = {
				ALWAYS_SEARCH_USER_PATHS = NO;
				CLANG_ANALYZER_NONNULL = YES;
				CLANG_ANALYZER_NUMBER_OBJECT_CONVERSION = YES_AGGRESSIVE;
				CLANG_CXX_LANGUAGE_STANDARD = "gnu++0x";
				CLANG_CXX_LIBRARY = "libc++";
				CLANG_ENABLE_MODULES = YES;
				CLANG_ENABLE_OBJC_ARC = YES;
				CLANG_WARN_BOOL_CONVERSION = YES;
				CLANG_WARN_CONSTANT_CONVERSION = YES;
				CLANG_WARN_DIRECT_OBJC_ISA_USAGE = YES_ERROR;
				CLANG_WARN_DOCUMENTATION_COMMENTS = YES;
				CLANG_WARN_EMPTY_BODY = YES;
				CLANG_WARN_ENUM_CONVERSION = YES;
				CLANG_WARN_INFINITE_RECURSION = YES;
				CLANG_WARN_INT_CONVERSION = YES;
				CLANG_WARN_OBJC_ROOT_CLASS = YES_ERROR;
				CLANG_WARN_SUSPICIOUS_MOVE = YES;
				CLANG_WARN_UNREACHABLE_CODE = YES;
				CLANG_WARN__DUPLICATE_METHOD_MATCH = YES;
				"CODE_SIGN_IDENTITY[sdk=iphoneos*]" = "iPhone Developer";
				COPY_PHASE_STRIP = NO;
				DEBUG_INFORMATION_FORMAT = "dwarf-with-dsym";
				ENABLE_NS_ASSERTIONS = NO;
				ENABLE_STRICT_OBJC_MSGSEND = YES;
				GCC_C_LANGUAGE_STANDARD = gnu99;
				GCC_NO_COMMON_BLOCKS = YES;
				GCC_WARN_64_TO_32_BIT_CONVERSION = YES;
				GCC_WARN_ABOUT_RETURN_TYPE = YES_ERROR;
				GCC_WARN_UNDECLARED_SELECTOR = YES;
				GCC_WARN_UNINITIALIZED_AUTOS = YES_AGGRESSIVE;
				GCC_WARN_UNUSED_FUNCTION = YES;
				GCC_WARN_UNUSED_VARIABLE = YES;
				IPHONEOS_DEPLOYMENT_TARGET = 10.3;
				MTL_ENABLE_DEBUG_INFO = NO;
				SDKROOT = iphoneos;
				SWIFT_OPTIMIZATION_LEVEL = "-Owholemodule";
				TARGETED_DEVICE_FAMILY = "1,2";
				VALIDATE_PRODUCT = YES;
			};
			name = Release;
		};
		9FAE08A81EFB26BB00490D06 /* Debug */ = {
			isa = XCBuildConfiguration;
			buildSettings = {
				ASSETCATALOG_COMPILER_APPICON_NAME = AppIcon;
				DEVELOPMENT_TEAM = WV9R432855;
				INFOPLIST_FILE = MissileDefence/Info.plist;
				LD_RUNPATH_SEARCH_PATHS = "$(inherited) @executable_path/Frameworks";
				PRODUCT_BUNDLE_IDENTIFIER = zzz.MissileDefence;
				PRODUCT_NAME = "$(TARGET_NAME)";
				SWIFT_VERSION = 3.0;
			};
			name = Debug;
		};
		9FAE08A91EFB26BB00490D06 /* Release */ = {
			isa = XCBuildConfiguration;
			buildSettings = {
				ASSETCATALOG_COMPILER_APPICON_NAME = AppIcon;
				DEVELOPMENT_TEAM = WV9R432855;
				INFOPLIST_FILE = MissileDefence/Info.plist;
				LD_RUNPATH_SEARCH_PATHS = "$(inherited) @executable_path/Frameworks";
				PRODUCT_BUNDLE_IDENTIFIER = zzz.MissileDefence;
				PRODUCT_NAME = "$(TARGET_NAME)";
				SWIFT_VERSION = 3.0;
			};
			name = Release;
		};
/* End XCBuildConfiguration section */

/* Begin XCConfigurationList section */
		9FAE088A1EFB26BA00490D06 /* Build configuration list for PBXProject "MissileDefence" */ = {
			isa = XCConfigurationList;
			buildConfigurations = (
				9FAE08A51EFB26BB00490D06 /* Debug */,
				9FAE08A61EFB26BB00490D06 /* Release */,
			);
			defaultConfigurationIsVisible = 0;
			defaultConfigurationName = Release;
		};
		9FAE08A71EFB26BB00490D06 /* Build configuration list for PBXNativeTarget "MissileDefence" */ = {
			isa = XCConfigurationList;
			buildConfigurations = (
				9FAE08A81EFB26BB00490D06 /* Debug */,
				9FAE08A91EFB26BB00490D06 /* Release */,
			);
			defaultConfigurationIsVisible = 0;
			defaultConfigurationName = Release;
		};
/* End XCConfigurationList section */
	};
	rootObject = 9FAE08871EFB26BA00490D06 /* Project object */;
}
